
Microsoft Visual Studio Solution File, Format Version 12.00
# Visual Studio Version 16
VisualStudioVersion = 16.0.30114.105
MinimumVisualStudioVersion = 10.0.40219.1
Project("{FAE04EC0-301F-11D3-BF4B-00C04F79EFBC}") = "RomScraper-DesktopApp", "RomScraper-DesktopApp.csproj", "{042E37B7-D5D5-4075-96FC-0536A4C4F87B}"
EndProject
Global
	GlobalSection(SolutionConfigurationPlatforms) = preSolution
		Debug|Any CPU = Debug|Any CPU
		Release|Any CPU = Release|Any CPU
	EndGlobalSection
	GlobalSection(ProjectConfigurationPlatforms) = postSolution
		{042E37B7-D5D5-4075-96FC-0536A4C4F87B}.Debug|Any CPU.ActiveCfg = Debug|Any CPU
		{042E37B7-D5D5-4075-96FC-0536A4C4F87B}.Debug|Any CPU.Build.0 = Debug|Any CPU
		{042E37B7-D5D5-4075-96FC-0536A4C4F87B}.Release|Any CPU.ActiveCfg = Release|Any CPU
		{042E37B7-D5D5-4075-96FC-0536A4C4F87B}.Release|Any CPU.Build.0 = Release|Any CPU
	EndGlobalSection
	GlobalSection(SolutionProperties) = preSolution
		HideSolutionNode = FALSE
	EndGlobalSection
	GlobalSection(ExtensibilityGlobals) = postSolution
		SolutionGuid = {FD32B7C6-CBE9-4539-9C71-C995B7A08907}
	EndGlobalSection
EndGlobal
